
Microsoft Visual Studio Solution File, Format Version 12.00
# Visual Studio Version 17
VisualStudioVersion = 17.11.35208.52
MinimumVisualStudioVersion = 10.0.40219.1
Project("{9A19103F-16F7-4668-BE54-9A1E7A4F7556}") = "SimCorp.TriangleCalculator", "SimCorp.TriangleCalculator\SimCorp.TriangleCalculator.csproj", "{EA6233D6-4C9F-422A-879D-827B9A651347}"
EndProject
Project("{9A19103F-16F7-4668-BE54-9A1E7A4F7556}") = "SimCorp.TriangleCalculator.UnitTests", "SimCorp.TriangleCalculator.UnitTests\SimCorp.TriangleCalculator.UnitTests.csproj", "{1E54F0B9-6DF9-400B-8951-7B3A3AB812ED}"
EndProject
Project("{FAE04EC0-301F-11D3-BF4B-00C04F79EFBC}") = "SimCorp.WordCounter", "SimCorp.WordCounter\SimCorp.WordCounter.csproj", "{20D23FDB-FFFB-42D9-84F7-9BD2B871E3D6}"
EndProject
Project("{FAE04EC0-301F-11D3-BF4B-00C04F79EFBC}") = "SimCorp.WordCounter.UnitTests", "SimCorp.WordCounter.UnitTests\SimCorp.WordCounter.UnitTests.csproj", "{3227BB2F-FA1D-4ED8-885C-EC898FF78117}"
EndProject
Global
	GlobalSection(SolutionConfigurationPlatforms) = preSolution
		Debug|Any CPU = Debug|Any CPU
		Release|Any CPU = Release|Any CPU
	EndGlobalSection
	GlobalSection(ProjectConfigurationPlatforms) = postSolution
		{EA6233D6-4C9F-422A-879D-827B9A651347}.Debug|Any CPU.ActiveCfg = Debug|Any CPU
		{EA6233D6-4C9F-422A-879D-827B9A651347}.Debug|Any CPU.Build.0 = Debug|Any CPU
		{EA6233D6-4C9F-422A-879D-827B9A651347}.Release|Any CPU.ActiveCfg = Release|Any CPU
		{EA6233D6-4C9F-422A-879D-827B9A651347}.Release|Any CPU.Build.0 = Release|Any CPU
		{1E54F0B9-6DF9-400B-8951-7B3A3AB812ED}.Debug|Any CPU.ActiveCfg = Debug|Any CPU
		{1E54F0B9-6DF9-400B-8951-7B3A3AB812ED}.Debug|Any CPU.Build.0 = Debug|Any CPU
		{1E54F0B9-6DF9-400B-8951-7B3A3AB812ED}.Release|Any CPU.ActiveCfg = Release|Any CPU
		{1E54F0B9-6DF9-400B-8951-7B3A3AB812ED}.Release|Any CPU.Build.0 = Release|Any CPU
		{20D23FDB-FFFB-42D9-84F7-9BD2B871E3D6}.Debug|Any CPU.ActiveCfg = Debug|Any CPU
		{20D23FDB-FFFB-42D9-84F7-9BD2B871E3D6}.Debug|Any CPU.Build.0 = Debug|Any CPU
		{20D23FDB-FFFB-42D9-84F7-9BD2B871E3D6}.Release|Any CPU.ActiveCfg = Release|Any CPU
		{20D23FDB-FFFB-42D9-84F7-9BD2B871E3D6}.Release|Any CPU.Build.0 = Release|Any CPU
		{3227BB2F-FA1D-4ED8-885C-EC898FF78117}.Debug|Any CPU.ActiveCfg = Debug|Any CPU
		{3227BB2F-FA1D-4ED8-885C-EC898FF78117}.Debug|Any CPU.Build.0 = Debug|Any CPU
		{3227BB2F-FA1D-4ED8-885C-EC898FF78117}.Release|Any CPU.ActiveCfg = Release|Any CPU
		{3227BB2F-FA1D-4ED8-885C-EC898FF78117}.Release|Any CPU.Build.0 = Release|Any CPU
	EndGlobalSection
	GlobalSection(SolutionProperties) = preSolution
		HideSolutionNode = FALSE
	EndGlobalSection
	GlobalSection(ExtensibilityGlobals) = postSolution
		SolutionGuid = {6517BDE6-AC48-4957-92C3-8B219097F98D}
	EndGlobalSection
EndGlobal
